
Microsoft Visual Studio Solution File, Format Version 12.00
# Visual Studio Version 17
VisualStudioVersion = 17.13.35913.81 d17.13
MinimumVisualStudioVersion = 10.0.40219.1
Project("{888888A0-9F3D-457C-B088-3A5042F75D52}") = "UltraBike_Automatizacija", "UltraBike_Automatizacija.pyproj", "{D4485259-C953-4B94-B49F-1299D5B5E936}"
EndProject
Global
	GlobalSection(SolutionConfigurationPlatforms) = preSolution
		Debug|Any CPU = Debug|Any CPU
		Release|Any CPU = Release|Any CPU
	EndGlobalSection
	GlobalSection(ProjectConfigurationPlatforms) = postSolution
		{D4485259-C953-4B94-B49F-1299D5B5E936}.Debug|Any CPU.ActiveCfg = Debug|Any CPU
		{D4485259-C953-4B94-B49F-1299D5B5E936}.Release|Any CPU.ActiveCfg = Release|Any CPU
	EndGlobalSection
	GlobalSection(SolutionProperties) = preSolution
		HideSolutionNode = FALSE
	EndGlobalSection
	GlobalSection(ExtensibilityGlobals) = postSolution
		SolutionGuid = {B1E09DDB-A292-43F2-BB22-C44426CBDE6A}
	EndGlobalSection
EndGlobal
